// !$*UTF8*$!
{
	archiveVersion = 1;
	classes = {
	};
	objectVersion = 56;
	objects = {

/* Begin PBXBuildFile section */
		6B7FBC112C6494380026B1B5 /* AppDelegate.swift in Sources */ = {isa = PBXBuildFile; fileRef = 6B7FBC102C6494380026B1B5 /* AppDelegate.swift */; };
		6B7FBC132C6494380026B1B5 /* SceneDelegate.swift in Sources */ = {isa = PBXBuildFile; fileRef = 6B7FBC122C6494380026B1B5 /* SceneDelegate.swift */; };
		6B7FBC152C6494380026B1B5 /* ViewController.swift in Sources */ = {isa = PBXBuildFile; fileRef = 6B7FBC142C6494380026B1B5 /* ViewController.swift */; };
		6B7FBC1A2C64943A0026B1B5 /* Assets.xcassets in Resources */ = {isa = PBXBuildFile; fileRef = 6B7FBC192C64943A0026B1B5 /* Assets.xcassets */; };
		6B7FBC1D2C64943A0026B1B5 /* Base in Resources */ = {isa = PBXBuildFile; fileRef = 6B7FBC1C2C64943A0026B1B5 /* Base */; };
		6B7FBC252C6496DC0026B1B5 /* BaseViewProtocol.swift in Sources */ = {isa = PBXBuildFile; fileRef = 6B7FBC242C6496DC0026B1B5 /* BaseViewProtocol.swift */; };
		6B7FBC272C6497650026B1B5 /* SearchViewModel.swift in Sources */ = {isa = PBXBuildFile; fileRef = 6B7FBC262C6497650026B1B5 /* SearchViewModel.swift */; };
		6B7FBC2A2C6497A30026B1B5 /* RxCocoa in Frameworks */ = {isa = PBXBuildFile; productRef = 6B7FBC292C6497A30026B1B5 /* RxCocoa */; };
		6B7FBC2C2C6497A30026B1B5 /* RxSwift in Frameworks */ = {isa = PBXBuildFile; productRef = 6B7FBC2B2C6497A30026B1B5 /* RxSwift */; };
		6B7FBC2F2C6497AA0026B1B5 /* SnapKit in Frameworks */ = {isa = PBXBuildFile; productRef = 6B7FBC2E2C6497AA0026B1B5 /* SnapKit */; };
		6B7FBC312C6497AA0026B1B5 /* SnapKit-Dynamic in Frameworks */ = {isa = PBXBuildFile; productRef = 6B7FBC302C6497AA0026B1B5 /* SnapKit-Dynamic */; };
		6B7FBC332C649A010026B1B5 /* NetworkManager.swift in Sources */ = {isa = PBXBuildFile; fileRef = 6B7FBC322C649A010026B1B5 /* NetworkManager.swift */; };
		6B7FBC352C64E0360026B1B5 /* SearchResultCell.swift in Sources */ = {isa = PBXBuildFile; fileRef = 6B7FBC342C64E0360026B1B5 /* SearchResultCell.swift */; };
		6B7FBC372C64E04A0026B1B5 /* Identifier+Extension.swift in Sources */ = {isa = PBXBuildFile; fileRef = 6B7FBC362C64E04A0026B1B5 /* Identifier+Extension.swift */; };
		6B7FBC3A2C64E5970026B1B5 /* Kingfisher in Frameworks */ = {isa = PBXBuildFile; productRef = 6B7FBC392C64E5970026B1B5 /* Kingfisher */; };
		6B7FBC3C2C64E7F50026B1B5 /* AppDetailViewController.swift in Sources */ = {isa = PBXBuildFile; fileRef = 6B7FBC3B2C64E7F50026B1B5 /* AppDetailViewController.swift */; };
/* End PBXBuildFile section */

/* Begin PBXFileReference section */
		6B7FBC0D2C6494380026B1B5 /* iTunesStore.app */ = {isa = PBXFileReference; explicitFileType = wrapper.application; includeInIndex = 0; path = iTunesStore.app; sourceTree = BUILT_PRODUCTS_DIR; };
		6B7FBC102C6494380026B1B5 /* AppDelegate.swift */ = {isa = PBXFileReference; lastKnownFileType = sourcecode.swift; path = AppDelegate.swift; sourceTree = "<group>"; };
		6B7FBC122C6494380026B1B5 /* SceneDelegate.swift */ = {isa = PBXFileReference; lastKnownFileType = sourcecode.swift; path = SceneDelegate.swift; sourceTree = "<group>"; };
		6B7FBC142C6494380026B1B5 /* ViewController.swift */ = {isa = PBXFileReference; lastKnownFileType = sourcecode.swift; path = ViewController.swift; sourceTree = "<group>"; };
		6B7FBC192C64943A0026B1B5 /* Assets.xcassets */ = {isa = PBXFileReference; lastKnownFileType = folder.assetcatalog; path = Assets.xcassets; sourceTree = "<group>"; };
		6B7FBC1C2C64943A0026B1B5 /* Base */ = {isa = PBXFileReference; lastKnownFileType = file.storyboard; name = Base; path = Base.lproj/LaunchScreen.storyboard; sourceTree = "<group>"; };
		6B7FBC1E2C64943A0026B1B5 /* Info.plist */ = {isa = PBXFileReference; lastKnownFileType = text.plist.xml; path = Info.plist; sourceTree = "<group>"; };
		6B7FBC242C6496DC0026B1B5 /* BaseViewProtocol.swift */ = {isa = PBXFileReference; lastKnownFileType = sourcecode.swift; path = BaseViewProtocol.swift; sourceTree = "<group>"; };
		6B7FBC262C6497650026B1B5 /* SearchViewModel.swift */ = {isa = PBXFileReference; lastKnownFileType = sourcecode.swift; path = SearchViewModel.swift; sourceTree = "<group>"; };
		6B7FBC322C649A010026B1B5 /* NetworkManager.swift */ = {isa = PBXFileReference; lastKnownFileType = sourcecode.swift; path = NetworkManager.swift; sourceTree = "<group>"; };
		6B7FBC342C64E0360026B1B5 /* SearchResultCell.swift */ = {isa = PBXFileReference; lastKnownFileType = sourcecode.swift; path = SearchResultCell.swift; sourceTree = "<group>"; };
		6B7FBC362C64E04A0026B1B5 /* Identifier+Extension.swift */ = {isa = PBXFileReference; lastKnownFileType = sourcecode.swift; path = "Identifier+Extension.swift"; sourceTree = "<group>"; };
		6B7FBC3B2C64E7F50026B1B5 /* AppDetailViewController.swift */ = {isa = PBXFileReference; lastKnownFileType = sourcecode.swift; path = AppDetailViewController.swift; sourceTree = "<group>"; };
/* End PBXFileReference section */

/* Begin PBXFrameworksBuildPhase section */
		6B7FBC0A2C6494380026B1B5 /* Frameworks */ = {
			isa = PBXFrameworksBuildPhase;
			buildActionMask = 2147483647;
			files = (
				6B7FBC2F2C6497AA0026B1B5 /* SnapKit in Frameworks */,
				6B7FBC2C2C6497A30026B1B5 /* RxSwift in Frameworks */,
				6B7FBC2A2C6497A30026B1B5 /* RxCocoa in Frameworks */,
				6B7FBC312C6497AA0026B1B5 /* SnapKit-Dynamic in Frameworks */,
				6B7FBC3A2C64E5970026B1B5 /* Kingfisher in Frameworks */,
			);
			runOnlyForDeploymentPostprocessing = 0;
		};
/* End PBXFrameworksBuildPhase section */

/* Begin PBXGroup section */
		6B7FBC042C6494380026B1B5 = {
			isa = PBXGroup;
			children = (
				6B7FBC0F2C6494380026B1B5 /* iTunes */,
				6B7FBC0E2C6494380026B1B5 /* Products */,
			);
			sourceTree = "<group>";
		};
		6B7FBC0E2C6494380026B1B5 /* Products */ = {
			isa = PBXGroup;
			children = (
				6B7FBC0D2C6494380026B1B5 /* iTunesStore.app */,
			);
			name = Products;
			sourceTree = "<group>";
		};
		6B7FBC0F2C6494380026B1B5 /* iTunes */ = {
			isa = PBXGroup;
			children = (
				6B7FBC102C6494380026B1B5 /* AppDelegate.swift */,
				6B7FBC122C6494380026B1B5 /* SceneDelegate.swift */,
				6B7FBC142C6494380026B1B5 /* ViewController.swift */,
				6B7FBC3B2C64E7F50026B1B5 /* AppDetailViewController.swift */,
				6B7FBC342C64E0360026B1B5 /* SearchResultCell.swift */,
				6B7FBC262C6497650026B1B5 /* SearchViewModel.swift */,
				6B7FBC322C649A010026B1B5 /* NetworkManager.swift */,
				6B7FBC242C6496DC0026B1B5 /* BaseViewProtocol.swift */,
				6B7FBC362C64E04A0026B1B5 /* Identifier+Extension.swift */,
				6B7FBC192C64943A0026B1B5 /* Assets.xcassets */,
				6B7FBC1B2C64943A0026B1B5 /* LaunchScreen.storyboard */,
				6B7FBC1E2C64943A0026B1B5 /* Info.plist */,
			);
			path = iTunes;
			sourceTree = "<group>";
		};
/* End PBXGroup section */

/* Begin PBXNativeTarget section */
		6B7FBC0C2C6494380026B1B5 /* iTunesStore */ = {
			isa = PBXNativeTarget;
			buildConfigurationList = 6B7FBC212C64943A0026B1B5 /* Build configuration list for PBXNativeTarget "iTunesStore" */;
			buildPhases = (
				6B7FBC092C6494380026B1B5 /* Sources */,
				6B7FBC0A2C6494380026B1B5 /* Frameworks */,
				6B7FBC0B2C6494380026B1B5 /* Resources */,
			);
			buildRules = (
			);
			dependencies = (
			);
			name = iTunesStore;
			packageProductDependencies = (
				6B7FBC292C6497A30026B1B5 /* RxCocoa */,
				6B7FBC2B2C6497A30026B1B5 /* RxSwift */,
				6B7FBC2E2C6497AA0026B1B5 /* SnapKit */,
				6B7FBC302C6497AA0026B1B5 /* SnapKit-Dynamic */,
				6B7FBC392C64E5970026B1B5 /* Kingfisher */,
			);
			productName = iTunes;
			productReference = 6B7FBC0D2C6494380026B1B5 /* iTunesStore.app */;
			productType = "com.apple.product-type.application";
		};
/* End PBXNativeTarget section */

/* Begin PBXProject section */
		6B7FBC052C6494380026B1B5 /* Project object */ = {
			isa = PBXProject;
			attributes = {
				BuildIndependentTargetsInParallel = 1;
				LastSwiftUpdateCheck = 1530;
				LastUpgradeCheck = 1530;
				TargetAttributes = {
					6B7FBC0C2C6494380026B1B5 = {
						CreatedOnToolsVersion = 15.3;
					};
				};
			};
			buildConfigurationList = 6B7FBC082C6494380026B1B5 /* Build configuration list for PBXProject "iTunesStore" */;
			compatibilityVersion = "Xcode 14.0";
			developmentRegion = en;
			hasScannedForEncodings = 0;
			knownRegions = (
				en,
				Base,
			);
			mainGroup = 6B7FBC042C6494380026B1B5;
			packageReferences = (
				6B7FBC282C6497A30026B1B5 /* XCRemoteSwiftPackageReference "RxSwift" */,
				6B7FBC2D2C6497AA0026B1B5 /* XCRemoteSwiftPackageReference "SnapKit" */,
				6B7FBC382C64E5970026B1B5 /* XCRemoteSwiftPackageReference "Kingfisher" */,
			);
			productRefGroup = 6B7FBC0E2C6494380026B1B5 /* Products */;
			projectDirPath = "";
			projectRoot = "";
			targets = (
				6B7FBC0C2C6494380026B1B5 /* iTunesStore */,
			);
		};
/* End PBXProject section */

/* Begin PBXResourcesBuildPhase section */
		6B7FBC0B2C6494380026B1B5 /* Resources */ = {
			isa = PBXResourcesBuildPhase;
			buildActionMask = 2147483647;
			files = (
				6B7FBC1A2C64943A0026B1B5 /* Assets.xcassets in Resources */,
				6B7FBC1D2C64943A0026B1B5 /* Base in Resources */,
			);
			runOnlyForDeploymentPostprocessing = 0;
		};
/* End PBXResourcesBuildPhase section */

/* Begin PBXSourcesBuildPhase section */
		6B7FBC092C6494380026B1B5 /* Sources */ = {
			isa = PBXSourcesBuildPhase;
			buildActionMask = 2147483647;
			files = (
				6B7FBC3C2C64E7F50026B1B5 /* AppDetailViewController.swift in Sources */,
				6B7FBC372C64E04A0026B1B5 /* Identifier+Extension.swift in Sources */,
				6B7FBC352C64E0360026B1B5 /* SearchResultCell.swift in Sources */,
				6B7FBC332C649A010026B1B5 /* NetworkManager.swift in Sources */,
				6B7FBC152C6494380026B1B5 /* ViewController.swift in Sources */,
				6B7FBC272C6497650026B1B5 /* SearchViewModel.swift in Sources */,
				6B7FBC252C6496DC0026B1B5 /* BaseViewProtocol.swift in Sources */,
				6B7FBC112C6494380026B1B5 /* AppDelegate.swift in Sources */,
				6B7FBC132C6494380026B1B5 /* SceneDelegate.swift in Sources */,
			);
			runOnlyForDeploymentPostprocessing = 0;
		};
/* End PBXSourcesBuildPhase section */

/* Begin PBXVariantGroup section */
		6B7FBC1B2C64943A0026B1B5 /* LaunchScreen.storyboard */ = {
			isa = PBXVariantGroup;
			children = (
				6B7FBC1C2C64943A0026B1B5 /* Base */,
			);
			name = LaunchScreen.storyboard;
			sourceTree = "<group>";
		};
/* End PBXVariantGroup section */

/* Begin XCBuildConfiguration section */
		6B7FBC1F2C64943A0026B1B5 /* Debug */ = {
			isa = XCBuildConfiguration;
			buildSettings = {
				ALWAYS_SEARCH_USER_PATHS = NO;
				ASSETCATALOG_COMPILER_GENERATE_SWIFT_ASSET_SYMBOL_EXTENSIONS = YES;
				CLANG_ANALYZER_NONNULL = YES;
				CLANG_ANALYZER_NUMBER_OBJECT_CONVERSION = YES_AGGRESSIVE;
				CLANG_CXX_LANGUAGE_STANDARD = "gnu++20";
				CLANG_ENABLE_MODULES = YES;
				CLANG_ENABLE_OBJC_ARC = YES;
				CLANG_ENABLE_OBJC_WEAK = YES;
				CLANG_WARN_BLOCK_CAPTURE_AUTORELEASING = YES;
				CLANG_WARN_BOOL_CONVERSION = YES;
				CLANG_WARN_COMMA = YES;
				CLANG_WARN_CONSTANT_CONVERSION = YES;
				CLANG_WARN_DEPRECATED_OBJC_IMPLEMENTATIONS = YES;
				CLANG_WARN_DIRECT_OBJC_ISA_USAGE = YES_ERROR;
				CLANG_WARN_DOCUMENTATION_COMMENTS = YES;
				CLANG_WARN_EMPTY_BODY = YES;
				CLANG_WARN_ENUM_CONVERSION = YES;
				CLANG_WARN_INFINITE_RECURSION = YES;
				CLANG_WARN_INT_CONVERSION = YES;
				CLANG_WARN_NON_LITERAL_NULL_CONVERSION = YES;
				CLANG_WARN_OBJC_IMPLICIT_RETAIN_SELF = YES;
				CLANG_WARN_OBJC_LITERAL_CONVERSION = YES;
				CLANG_WARN_OBJC_ROOT_CLASS = YES_ERROR;
				CLANG_WARN_QUOTED_INCLUDE_IN_FRAMEWORK_HEADER = YES;
				CLANG_WARN_RANGE_LOOP_ANALYSIS = YES;
				CLANG_WARN_STRICT_PROTOTYPES = YES;
				CLANG_WARN_SUSPICIOUS_MOVE = YES;
				CLANG_WARN_UNGUARDED_AVAILABILITY = YES_AGGRESSIVE;
				CLANG_WARN_UNREACHABLE_CODE = YES;
				CLANG_WARN__DUPLICATE_METHOD_MATCH = YES;
				COPY_PHASE_STRIP = NO;
				DEBUG_INFORMATION_FORMAT = dwarf;
				ENABLE_STRICT_OBJC_MSGSEND = YES;
				ENABLE_TESTABILITY = YES;
				ENABLE_USER_SCRIPT_SANDBOXING = YES;
				GCC_C_LANGUAGE_STANDARD = gnu17;
				GCC_DYNAMIC_NO_PIC = NO;
				GCC_NO_COMMON_BLOCKS = YES;
				GCC_OPTIMIZATION_LEVEL = 0;
				GCC_PREPROCESSOR_DEFINITIONS = (
					"DEBUG=1",
					"$(inherited)",
				);
				GCC_WARN_64_TO_32_BIT_CONVERSION = YES;
				GCC_WARN_ABOUT_RETURN_TYPE = YES_ERROR;
				GCC_WARN_UNDECLARED_SELECTOR = YES;
				GCC_WARN_UNINITIALIZED_AUTOS = YES_AGGRESSIVE;
				GCC_WARN_UNUSED_FUNCTION = YES;
				GCC_WARN_UNUSED_VARIABLE = YES;
				IPHONEOS_DEPLOYMENT_TARGET = 17.4;
				LOCALIZATION_PREFERS_STRING_CATALOGS = YES;
				MTL_ENABLE_DEBUG_INFO = INCLUDE_SOURCE;
				MTL_FAST_MATH = YES;
				ONLY_ACTIVE_ARCH = YES;
				SDKROOT = iphoneos;
				SWIFT_ACTIVE_COMPILATION_CONDITIONS = "DEBUG $(inherited)";
				SWIFT_OPTIMIZATION_LEVEL = "-Onone";
			};
			name = Debug;
		};
		6B7FBC202C64943A0026B1B5 /* Release */ = {
			isa = XCBuildConfiguration;
			buildSettings = {
				ALWAYS_SEARCH_USER_PATHS = NO;
				ASSETCATALOG_COMPILER_GENERATE_SWIFT_ASSET_SYMBOL_EXTENSIONS = YES;
				CLANG_ANALYZER_NONNULL = YES;
				CLANG_ANALYZER_NUMBER_OBJECT_CONVERSION = YES_AGGRESSIVE;
				CLANG_CXX_LANGUAGE_STANDARD = "gnu++20";
				CLANG_ENABLE_MODULES = YES;
				CLANG_ENABLE_OBJC_ARC = YES;
				CLANG_ENABLE_OBJC_WEAK = YES;
				CLANG_WARN_BLOCK_CAPTURE_AUTORELEASING = YES;
				CLANG_WARN_BOOL_CONVERSION = YES;
				CLANG_WARN_COMMA = YES;
				CLANG_WARN_CONSTANT_CONVERSION = YES;
				CLANG_WARN_DEPRECATED_OBJC_IMPLEMENTATIONS = YES;
				CLANG_WARN_DIRECT_OBJC_ISA_USAGE = YES_ERROR;
				CLANG_WARN_DOCUMENTATION_COMMENTS = YES;
				CLANG_WARN_EMPTY_BODY = YES;
				CLANG_WARN_ENUM_CONVERSION = YES;
				CLANG_WARN_INFINITE_RECURSION = YES;
				CLANG_WARN_INT_CONVERSION = YES;
				CLANG_WARN_NON_LITERAL_NULL_CONVERSION = YES;
				CLANG_WARN_OBJC_IMPLICIT_RETAIN_SELF = YES;
				CLANG_WARN_OBJC_LITERAL_CONVERSION = YES;
				CLANG_WARN_OBJC_ROOT_CLASS = YES_ERROR;
				CLANG_WARN_QUOTED_INCLUDE_IN_FRAMEWORK_HEADER = YES;
				CLANG_WARN_RANGE_LOOP_ANALYSIS = YES;
				CLANG_WARN_STRICT_PROTOTYPES = YES;
				CLANG_WARN_SUSPICIOUS_MOVE = YES;
				CLANG_WARN_UNGUARDED_AVAILABILITY = YES_AGGRESSIVE;
				CLANG_WARN_UNREACHABLE_CODE = YES;
				CLANG_WARN__DUPLICATE_METHOD_MATCH = YES;
				COPY_PHASE_STRIP = NO;
				DEBUG_INFORMATION_FORMAT = "dwarf-with-dsym";
				ENABLE_NS_ASSERTIONS = NO;
				ENABLE_STRICT_OBJC_MSGSEND = YES;
				ENABLE_USER_SCRIPT_SANDBOXING = YES;
				GCC_C_LANGUAGE_STANDARD = gnu17;
				GCC_NO_COMMON_BLOCKS = YES;
				GCC_WARN_64_TO_32_BIT_CONVERSION = YES;
				GCC_WARN_ABOUT_RETURN_TYPE = YES_ERROR;
				GCC_WARN_UNDECLARED_SELECTOR = YES;
				GCC_WARN_UNINITIALIZED_AUTOS = YES_AGGRESSIVE;
				GCC_WARN_UNUSED_FUNCTION = YES;
				GCC_WARN_UNUSED_VARIABLE = YES;
				IPHONEOS_DEPLOYMENT_TARGET = 17.4;
				LOCALIZATION_PREFERS_STRING_CATALOGS = YES;
				MTL_ENABLE_DEBUG_INFO = NO;
				MTL_FAST_MATH = YES;
				SDKROOT = iphoneos;
				SWIFT_COMPILATION_MODE = wholemodule;
				VALIDATE_PRODUCT = YES;
			};
			name = Release;
		};
		6B7FBC222C64943A0026B1B5 /* Debug */ = {
			isa = XCBuildConfiguration;
			buildSettings = {
				ASSETCATALOG_COMPILER_APPICON_NAME = AppIcon;
				ASSETCATALOG_COMPILER_GLOBAL_ACCENT_COLOR_NAME = AccentColor;
				CODE_SIGN_STYLE = Automatic;
				CURRENT_PROJECT_VERSION = 1;
				DEVELOPMENT_TEAM = F8Q3Y446GH;
				GENERATE_INFOPLIST_FILE = YES;
				INFOPLIST_FILE = iTunes/Info.plist;
				INFOPLIST_KEY_UIApplicationSupportsIndirectInputEvents = YES;
				INFOPLIST_KEY_UILaunchStoryboardName = LaunchScreen;
				INFOPLIST_KEY_UISupportedInterfaceOrientations_iPad = "UIInterfaceOrientationPortrait UIInterfaceOrientationPortraitUpsideDown UIInterfaceOrientationLandscapeLeft UIInterfaceOrientationLandscapeRight";
				INFOPLIST_KEY_UISupportedInterfaceOrientations_iPhone = "UIInterfaceOrientationPortrait UIInterfaceOrientationLandscapeLeft UIInterfaceOrientationLandscapeRight";
				LD_RUNPATH_SEARCH_PATHS = (
					"$(inherited)",
					"@executable_path/Frameworks",
				);
				MARKETING_VERSION = 1.0;
				PRODUCT_BUNDLE_IDENTIFIER = beom.iTunes;
				PRODUCT_NAME = "$(TARGET_NAME)";
				SWIFT_EMIT_LOC_STRINGS = YES;
				SWIFT_VERSION = 5.0;
				TARGETED_DEVICE_FAMILY = "1,2";
			};
			name = Debug;
		};
		6B7FBC232C64943A0026B1B5 /* Release */ = {
			isa = XCBuildConfiguration;
			buildSettings = {
				ASSETCATALOG_COMPILER_APPICON_NAME = AppIcon;
				ASSETCATALOG_COMPILER_GLOBAL_ACCENT_COLOR_NAME = AccentColor;
				CODE_SIGN_STYLE = Automatic;
				CURRENT_PROJECT_VERSION = 1;
				DEVELOPMENT_TEAM = F8Q3Y446GH;
				GENERATE_INFOPLIST_FILE = YES;
				INFOPLIST_FILE = iTunes/Info.plist;
				INFOPLIST_KEY_UIApplicationSupportsIndirectInputEvents = YES;
				INFOPLIST_KEY_UILaunchStoryboardName = LaunchScreen;
				INFOPLIST_KEY_UISupportedInterfaceOrientations_iPad = "UIInterfaceOrientationPortrait UIInterfaceOrientationPortraitUpsideDown UIInterfaceOrientationLandscapeLeft UIInterfaceOrientationLandscapeRight";
				INFOPLIST_KEY_UISupportedInterfaceOrientations_iPhone = "UIInterfaceOrientationPortrait UIInterfaceOrientationLandscapeLeft UIInterfaceOrientationLandscapeRight";
				LD_RUNPATH_SEARCH_PATHS = (
					"$(inherited)",
					"@executable_path/Frameworks",
				);
				MARKETING_VERSION = 1.0;
				PRODUCT_BUNDLE_IDENTIFIER = beom.iTunes;
				PRODUCT_NAME = "$(TARGET_NAME)";
				SWIFT_EMIT_LOC_STRINGS = YES;
				SWIFT_VERSION = 5.0;
				TARGETED_DEVICE_FAMILY = "1,2";
			};
			name = Release;
		};
/* End XCBuildConfiguration section */

/* Begin XCConfigurationList section */
		6B7FBC082C6494380026B1B5 /* Build configuration list for PBXProject "iTunesStore" */ = {
			isa = XCConfigurationList;
			buildConfigurations = (
				6B7FBC1F2C64943A0026B1B5 /* Debug */,
				6B7FBC202C64943A0026B1B5 /* Release */,
			);
			defaultConfigurationIsVisible = 0;
			defaultConfigurationName = Release;
		};
		6B7FBC212C64943A0026B1B5 /* Build configuration list for PBXNativeTarget "iTunesStore" */ = {
			isa = XCConfigurationList;
			buildConfigurations = (
				6B7FBC222C64943A0026B1B5 /* Debug */,
				6B7FBC232C64943A0026B1B5 /* Release */,
			);
			defaultConfigurationIsVisible = 0;
			defaultConfigurationName = Release;
		};
/* End XCConfigurationList section */

/* Begin XCRemoteSwiftPackageReference section */
		6B7FBC282C6497A30026B1B5 /* XCRemoteSwiftPackageReference "RxSwift" */ = {
			isa = XCRemoteSwiftPackageReference;
			repositoryURL = "https://github.com/ReactiveX/RxSwift.git";
			requirement = {
				kind = upToNextMajorVersion;
				minimumVersion = 6.7.1;
			};
		};
		6B7FBC2D2C6497AA0026B1B5 /* XCRemoteSwiftPackageReference "SnapKit" */ = {
			isa = XCRemoteSwiftPackageReference;
			repositoryURL = "https://github.com/SnapKit/SnapKit.git";
			requirement = {
				kind = upToNextMajorVersion;
				minimumVersion = 5.7.1;
			};
		};
		6B7FBC382C64E5970026B1B5 /* XCRemoteSwiftPackageReference "Kingfisher" */ = {
			isa = XCRemoteSwiftPackageReference;
			repositoryURL = "https://github.com/onevcat/Kingfisher.git";
			requirement = {
				kind = upToNextMajorVersion;
				minimumVersion = 7.12.0;
			};
		};
/* End XCRemoteSwiftPackageReference section */

/* Begin XCSwiftPackageProductDependency section */
		6B7FBC292C6497A30026B1B5 /* RxCocoa */ = {
			isa = XCSwiftPackageProductDependency;
			package = 6B7FBC282C6497A30026B1B5 /* XCRemoteSwiftPackageReference "RxSwift" */;
			productName = RxCocoa;
		};
		6B7FBC2B2C6497A30026B1B5 /* RxSwift */ = {
			isa = XCSwiftPackageProductDependency;
			package = 6B7FBC282C6497A30026B1B5 /* XCRemoteSwiftPackageReference "RxSwift" */;
			productName = RxSwift;
		};
		6B7FBC2E2C6497AA0026B1B5 /* SnapKit */ = {
			isa = XCSwiftPackageProductDependency;
			package = 6B7FBC2D2C6497AA0026B1B5 /* XCRemoteSwiftPackageReference "SnapKit" */;
			productName = SnapKit;
		};
		6B7FBC302C6497AA0026B1B5 /* SnapKit-Dynamic */ = {
			isa = XCSwiftPackageProductDependency;
			package = 6B7FBC2D2C6497AA0026B1B5 /* XCRemoteSwiftPackageReference "SnapKit" */;
			productName = "SnapKit-Dynamic";
		};
		6B7FBC392C64E5970026B1B5 /* Kingfisher */ = {
			isa = XCSwiftPackageProductDependency;
			package = 6B7FBC382C64E5970026B1B5 /* XCRemoteSwiftPackageReference "Kingfisher" */;
			productName = Kingfisher;
		};
/* End XCSwiftPackageProductDependency section */
	};
	rootObject = 6B7FBC052C6494380026B1B5 /* Project object */;
}
